
Microsoft Visual Studio Solution File, Format Version 12.00
Project("{FAE04EC0-301F-11D3-BF4B-00C04F79EFBC}") = "ShopApp", "ShopApp\ShopApp.csproj", "{4C3D34A8-4C97-4CC3-A1C1-397F298A522B}"
EndProject
Project("{FAE04EC0-301F-11D3-BF4B-00C04F79EFBC}") = "ShopApp.Server", "ShopApp.Server\ShopApp.Server.csproj", "{0129B0A5-646E-4956-8CE6-A288B5616942}"
EndProject
Global
	GlobalSection(SolutionConfigurationPlatforms) = preSolution
		Debug|Any CPU = Debug|Any CPU
		Release|Any CPU = Release|Any CPU
	EndGlobalSection
	GlobalSection(ProjectConfigurationPlatforms) = postSolution
		{4C3D34A8-4C97-4CC3-A1C1-397F298A522B}.Debug|Any CPU.ActiveCfg = Debug|Any CPU
		{4C3D34A8-4C97-4CC3-A1C1-397F298A522B}.Debug|Any CPU.Build.0 = Debug|Any CPU
		{4C3D34A8-4C97-4CC3-A1C1-397F298A522B}.Release|Any CPU.ActiveCfg = Release|Any CPU
		{4C3D34A8-4C97-4CC3-A1C1-397F298A522B}.Release|Any CPU.Build.0 = Release|Any CPU
		{0129B0A5-646E-4956-8CE6-A288B5616942}.Debug|Any CPU.ActiveCfg = Debug|Any CPU
		{0129B0A5-646E-4956-8CE6-A288B5616942}.Debug|Any CPU.Build.0 = Debug|Any CPU
		{0129B0A5-646E-4956-8CE6-A288B5616942}.Release|Any CPU.ActiveCfg = Release|Any CPU
		{0129B0A5-646E-4956-8CE6-A288B5616942}.Release|Any CPU.Build.0 = Release|Any CPU
	EndGlobalSection
EndGlobal
